
Microsoft Visual Studio Solution File, Format Version 12.00
# Visual Studio Version 17
VisualStudioVersion = 17.5.002.0
MinimumVisualStudioVersion = 10.0.40219.1
Project("{9A19103F-16F7-4668-BE54-9A1E7A4F7556}") = "Task2", "Task2.csproj", "{C081EDAB-6FC9-449B-91CB-C4022E893FD0}"
EndProject
Global
	GlobalSection(SolutionConfigurationPlatforms) = preSolution
		Debug|Any CPU = Debug|Any CPU
		Release|Any CPU = Release|Any CPU
	EndGlobalSection
	GlobalSection(ProjectConfigurationPlatforms) = postSolution
		{C081EDAB-6FC9-449B-91CB-C4022E893FD0}.Debug|Any CPU.ActiveCfg = Debug|Any CPU
		{C081EDAB-6FC9-449B-91CB-C4022E893FD0}.Debug|Any CPU.Build.0 = Debug|Any CPU
		{C081EDAB-6FC9-449B-91CB-C4022E893FD0}.Release|Any CPU.ActiveCfg = Release|Any CPU
		{C081EDAB-6FC9-449B-91CB-C4022E893FD0}.Release|Any CPU.Build.0 = Release|Any CPU
	EndGlobalSection
	GlobalSection(SolutionProperties) = preSolution
		HideSolutionNode = FALSE
	EndGlobalSection
	GlobalSection(ExtensibilityGlobals) = postSolution
		SolutionGuid = {3A003DEC-F329-4AA3-B380-54B4FB74873E}
	EndGlobalSection
EndGlobal
